// !$*UTF8*$!
{
	archiveVersion = 1;
	classes = {
	};
	objectVersion = 48;
	objects = {

/* Begin PBXBuildFile section */
		E61908DC1FE5A22B00F03F5D /* main.cpp in Sources */ = {isa = PBXBuildFile; fileRef = E61908DB1FE5A22B00F03F5D /* main.cpp */; };
/* End PBXBuildFile section */

/* Begin PBXCopyFilesBuildPhase section */
		E61908D61FE5A22A00F03F5D /* CopyFiles */ = {
			isa = PBXCopyFilesBuildPhase;
			buildActionMask = 2147483647;
			dstPath = /usr/share/man/man1/;
			dstSubfolderSpec = 0;
			files = (
			);
			runOnlyForDeploymentPostprocessing = 1;
		};
/* End PBXCopyFilesBuildPhase section */

/* Begin PBXFileReference section */
		E61908D81FE5A22B00F03F5D /* Ticket1 */ = {isa = PBXFileReference; explicitFileType = "compiled.mach-o.executable"; includeInIndex = 0; path = Ticket1; sourceTree = BUILT_PRODUCTS_DIR; };
		E61908DB1FE5A22B00F03F5D /* main.cpp */ = {isa = PBXFileReference; lastKnownFileType = sourcecode.cpp.cpp; path = main.cpp; sourceTree = "<group>"; };
		E6DDE1531FEAB97F005EC202 /* orders1.txt */ = {isa = PBXFileReference; fileEncoding = 4; lastKnownFileType = text; path = orders1.txt; sourceTree = "<group>"; };
		E6DDE1541FEAB97F005EC202 /* result.txt */ = {isa = PBXFileReference; fileEncoding = 4; lastKnownFileType = text; path = result.txt; sourceTree = "<group>"; };
		E6DDE1551FEAB97F005EC202 /* bills.txt */ = {isa = PBXFileReference; fileEncoding = 4; lastKnownFileType = text; path = bills.txt; sourceTree = "<group>"; };
		E6DDE1561FEAB97F005EC202 /* orders2.txt */ = {isa = PBXFileReference; fileEncoding = 4; lastKnownFileType = text; path = orders2.txt; sourceTree = "<group>"; };
		E6DDE1571FEADC78005EC202 /* Classes.h */ = {isa = PBXFileReference; lastKnownFileType = sourcecode.c.h; path = Classes.h; sourceTree = "<group>"; };
		E6DDE1581FEADCB0005EC202 /* Function.h */ = {isa = PBXFileReference; lastKnownFileType = sourcecode.c.h; path = Function.h; sourceTree = "<group>"; };
/* End PBXFileReference section */

/* Begin PBXFrameworksBuildPhase section */
		E61908D51FE5A22A00F03F5D /* Frameworks */ = {
			isa = PBXFrameworksBuildPhase;
			buildActionMask = 2147483647;
			files = (
			);
			runOnlyForDeploymentPostprocessing = 0;
		};
/* End PBXFrameworksBuildPhase section */

/* Begin PBXGroup section */
		E61908CF1FE5A22A00F03F5D = {
			isa = PBXGroup;
			children = (
				E61908DA1FE5A22B00F03F5D /* Ticket1 */,
				E61908D91FE5A22B00F03F5D /* Products */,
			);
			sourceTree = "<group>";
		};
		E61908D91FE5A22B00F03F5D /* Products */ = {
			isa = PBXGroup;
			children = (
				E61908D81FE5A22B00F03F5D /* Ticket1 */,
			);
			name = Products;
			sourceTree = "<group>";
		};
		E61908DA1FE5A22B00F03F5D /* Ticket1 */ = {
			isa = PBXGroup;
			children = (
				E61908DB1FE5A22B00F03F5D /* main.cpp */,
				E6DDE1581FEADCB0005EC202 /* Function.h */,
				E6DDE1571FEADC78005EC202 /* Classes.h */,
				E6DDE1551FEAB97F005EC202 /* bills.txt */,
				E6DDE1531FEAB97F005EC202 /* orders1.txt */,
				E6DDE1561FEAB97F005EC202 /* orders2.txt */,
				E6DDE1541FEAB97F005EC202 /* result.txt */,
			);
			path = Ticket1;
			sourceTree = "<group>";
		};
/* End PBXGroup section */

/* Begin PBXNativeTarget section */
		E61908D71FE5A22A00F03F5D /* Ticket1 */ = {
			isa = PBXNativeTarget;
			buildConfigurationList = E61908DF1FE5A22B00F03F5D /* Build configuration list for PBXNativeTarget "Ticket1" */;
			buildPhases = (
				E61908D41FE5A22A00F03F5D /* Sources */,
				E61908D51FE5A22A00F03F5D /* Frameworks */,
				E61908D61FE5A22A00F03F5D /* CopyFiles */,
			);
			buildRules = (
			);
			dependencies = (
			);
			name = Ticket1;
			productName = Ticket1;
			productReference = E61908D81FE5A22B00F03F5D /* Ticket1 */;
			productType = "com.apple.product-type.tool";
		};
/* End PBXNativeTarget section */

/* Begin PBXProject section */
		E61908D01FE5A22A00F03F5D /* Project object */ = {
			isa = PBXProject;
			attributes = {
				LastUpgradeCheck = 0920;
				ORGANIZATIONNAME = "Андріана Щербак";
				TargetAttributes = {
					E61908D71FE5A22A00F03F5D = {
						CreatedOnToolsVersion = 9.2;
						ProvisioningStyle = Automatic;
					};
				};
			};
			buildConfigurationList = E61908D31FE5A22A00F03F5D /* Build configuration list for PBXProject "Ticket1" */;
			compatibilityVersion = "Xcode 8.0";
			developmentRegion = en;
			hasScannedForEncodings = 0;
			knownRegions = (
				en,
			);
			mainGroup = E61908CF1FE5A22A00F03F5D;
			productRefGroup = E61908D91FE5A22B00F03F5D /* Products */;
			projectDirPath = "";
			projectRoot = "";
			targets = (
				E61908D71FE5A22A00F03F5D /* Ticket1 */,
			);
		};
/* End PBXProject section */

/* Begin PBXSourcesBuildPhase section */
		E61908D41FE5A22A00F03F5D /* Sources */ = {
			isa = PBXSourcesBuildPhase;
			buildActionMask = 2147483647;
			files = (
				E61908DC1FE5A22B00F03F5D /* main.cpp in Sources */,
			);
			runOnlyForDeploymentPostprocessing = 0;
		};
/* End PBXSourcesBuildPhase section */

/* Begin XCBuildConfiguration section */
		E61908DD1FE5A22B00F03F5D /* Debug */ = {
			isa = XCBuildConfiguration;
			buildSettings = {
				ALWAYS_SEARCH_USER_PATHS = NO;
				CLANG_ANALYZER_NONNULL = YES;
				CLANG_ANALYZER_NUMBER_OBJECT_CONVERSION = YES_AGGRESSIVE;
				CLANG_CXX_LANGUAGE_STANDARD = "gnu++14";
				CLANG_CXX_LIBRARY = "libc++";
				CLANG_ENABLE_MODULES = YES;
				CLANG_ENABLE_OBJC_ARC = YES;
				CLANG_WARN_BLOCK_CAPTURE_AUTORELEASING = YES;
				CLANG_WARN_BOOL_CONVERSION = YES;
				CLANG_WARN_COMMA = YES;
				CLANG_WARN_CONSTANT_CONVERSION = YES;
				CLANG_WARN_DIRECT_OBJC_ISA_USAGE = YES_ERROR;
				CLANG_WARN_DOCUMENTATION_COMMENTS = YES;
				CLANG_WARN_EMPTY_BODY = YES;
				CLANG_WARN_ENUM_CONVERSION = YES;
				CLANG_WARN_INFINITE_RECURSION = YES;
				CLANG_WARN_INT_CONVERSION = YES;
				CLANG_WARN_NON_LITERAL_NULL_CONVERSION = YES;
				CLANG_WARN_OBJC_LITERAL_CONVERSION = YES;
				CLANG_WARN_OBJC_ROOT_CLASS = YES_ERROR;
				CLANG_WARN_RANGE_LOOP_ANALYSIS = YES;
				CLANG_WARN_STRICT_PROTOTYPES = YES;
				CLANG_WARN_SUSPICIOUS_MOVE = YES;
				CLANG_WARN_UNGUARDED_AVAILABILITY = YES_AGGRESSIVE;
				CLANG_WARN_UNREACHABLE_CODE = YES;
				CLANG_WARN__DUPLICATE_METHOD_MATCH = YES;
				CODE_SIGN_IDENTITY = "-";
				COPY_PHASE_STRIP = NO;
				DEBUG_INFORMATION_FORMAT = dwarf;
				ENABLE_STRICT_OBJC_MSGSEND = YES;
				ENABLE_TESTABILITY = YES;
				GCC_C_LANGUAGE_STANDARD = gnu11;
				GCC_DYNAMIC_NO_PIC = NO;
				GCC_NO_COMMON_BLOCKS = YES;
				GCC_OPTIMIZATION_LEVEL = 0;
				GCC_PREPROCESSOR_DEFINITIONS = (
					"DEBUG=1",
					"$(inherited)",
				);
				GCC_WARN_64_TO_32_BIT_CONVERSION = YES;
				GCC_WARN_ABOUT_RETURN_TYPE = YES_ERROR;
				GCC_WARN_UNDECLARED_SELECTOR = YES;
				GCC_WARN_UNINITIALIZED_AUTOS = YES_AGGRESSIVE;
				GCC_WARN_UNUSED_FUNCTION = YES;
				GCC_WARN_UNUSED_VARIABLE = YES;
				MACOSX_DEPLOYMENT_TARGET = 10.13;
				MTL_ENABLE_DEBUG_INFO = YES;
				ONLY_ACTIVE_ARCH = YES;
				SDKROOT = macosx;
			};
			name = Debug;
		};
		E61908DE1FE5A22B00F03F5D /* Release */ = {
			isa = XCBuildConfiguration;
			buildSettings = {
				ALWAYS_SEARCH_USER_PATHS = NO;
				CLANG_ANALYZER_NONNULL = YES;
				CLANG_ANALYZER_NUMBER_OBJECT_CONVERSION = YES_AGGRESSIVE;
				CLANG_CXX_LANGUAGE_STANDARD = "gnu++14";
				CLANG_CXX_LIBRARY = "libc++";
				CLANG_ENABLE_MODULES = YES;
				CLANG_ENABLE_OBJC_ARC = YES;
				CLANG_WARN_BLOCK_CAPTURE_AUTORELEASING = YES;
				CLANG_WARN_BOOL_CONVERSION = YES;
				CLANG_WARN_COMMA = YES;
				CLANG_WARN_CONSTANT_CONVERSION = YES;
				CLANG_WARN_DIRECT_OBJC_ISA_USAGE = YES_ERROR;
				CLANG_WARN_DOCUMENTATION_COMMENTS = YES;
				CLANG_WARN_EMPTY_BODY = YES;
				CLANG_WARN_ENUM_CONVERSION = YES;
				CLANG_WARN_INFINITE_RECURSION = YES;
				CLANG_WARN_INT_CONVERSION = YES;
				CLANG_WARN_NON_LITERAL_NULL_CONVERSION = YES;
				CLANG_WARN_OBJC_LITERAL_CONVERSION = YES;
				CLANG_WARN_OBJC_ROOT_CLASS = YES_ERROR;
				CLANG_WARN_RANGE_LOOP_ANALYSIS = YES;
				CLANG_WARN_STRICT_PROTOTYPES = YES;
				CLANG_WARN_SUSPICIOUS_MOVE = YES;
				CLANG_WARN_UNGUARDED_AVAILABILITY = YES_AGGRESSIVE;
				CLANG_WARN_UNREACHABLE_CODE = YES;
				CLANG_WARN__DUPLICATE_METHOD_MATCH = YES;
				CODE_SIGN_IDENTITY = "-";
				COPY_PHASE_STRIP = NO;
				DEBUG_INFORMATION_FORMAT = "dwarf-with-dsym";
				ENABLE_NS_ASSERTIONS = NO;
				ENABLE_STRICT_OBJC_MSGSEND = YES;
				GCC_C_LANGUAGE_STANDARD = gnu11;
				GCC_NO_COMMON_BLOCKS = YES;
				GCC_WARN_64_TO_32_BIT_CONVERSION = YES;
				GCC_WARN_ABOUT_RETURN_TYPE = YES_ERROR;
				GCC_WARN_UNDECLARED_SELECTOR = YES;
				GCC_WARN_UNINITIALIZED_AUTOS = YES_AGGRESSIVE;
				GCC_WARN_UNUSED_FUNCTION = YES;
				GCC_WARN_UNUSED_VARIABLE = YES;
				MACOSX_DEPLOYMENT_TARGET = 10.13;
				MTL_ENABLE_DEBUG_INFO = NO;
				SDKROOT = macosx;
			};
			name = Release;
		};
		E61908E01FE5A22B00F03F5D /* Debug */ = {
			isa = XCBuildConfiguration;
			buildSettings = {
				CODE_SIGN_STYLE = Automatic;
				PRODUCT_NAME = "$(TARGET_NAME)";
			};
			name = Debug;
		};
		E61908E11FE5A22B00F03F5D /* Release */ = {
			isa = XCBuildConfiguration;
			buildSettings = {
				CODE_SIGN_STYLE = Automatic;
				PRODUCT_NAME = "$(TARGET_NAME)";
			};
			name = Release;
		};
/* End XCBuildConfiguration section */

/* Begin XCConfigurationList section */
		E61908D31FE5A22A00F03F5D /* Build configuration list for PBXProject "Ticket1" */ = {
			isa = XCConfigurationList;
			buildConfigurations = (
				E61908DD1FE5A22B00F03F5D /* Debug */,
				E61908DE1FE5A22B00F03F5D /* Release */,
			);
			defaultConfigurationIsVisible = 0;
			defaultConfigurationName = Release;
		};
		E61908DF1FE5A22B00F03F5D /* Build configuration list for PBXNativeTarget "Ticket1" */ = {
			isa = XCConfigurationList;
			buildConfigurations = (
				E61908E01FE5A22B00F03F5D /* Debug */,
				E61908E11FE5A22B00F03F5D /* Release */,
			);
			defaultConfigurationIsVisible = 0;
			defaultConfigurationName = Release;
		};
/* End XCConfigurationList section */
	};
	rootObject = E61908D01FE5A22A00F03F5D /* Project object */;
}
